// !$*UTF8*$!
{
	archiveVersion = 1;
	classes = {
	};
	objectVersion = 56;
	objects = {

/* Begin PBXBuildFile section */
		A33F11C929ECD8AE002B5F33 /* NFCDemoApp.swift in Sources */ = {isa = PBXBuildFile; fileRef = A33F11C829ECD8AE002B5F33 /* NFCDemoApp.swift */; };
		A33F11CB29ECD8AE002B5F33 /* ContentView.swift in Sources */ = {isa = PBXBuildFile; fileRef = A33F11CA29ECD8AE002B5F33 /* ContentView.swift */; };
		A33F11CD29ECD8AF002B5F33 /* Assets.xcassets in Resources */ = {isa = PBXBuildFile; fileRef = A33F11CC29ECD8AF002B5F33 /* Assets.xcassets */; };
		A33F11D029ECD8AF002B5F33 /* Preview Assets.xcassets in Resources */ = {isa = PBXBuildFile; fileRef = A33F11CF29ECD8AF002B5F33 /* Preview Assets.xcassets */; };
		A33FC2BD29ECE0B9005A6D7B /* CryptoSwift in Frameworks */ = {isa = PBXBuildFile; productRef = A33FC2BC29ECE0B9005A6D7B /* CryptoSwift */; };
		A33FC2BF29ECE0E2005A6D7B /* NFCISO7816Tag.swift in Sources */ = {isa = PBXBuildFile; fileRef = A33FC2BE29ECE0E2005A6D7B /* NFCISO7816Tag.swift */; };
		A33FC2C129ECE1C6005A6D7B /* NFCISO7816TagSession.swift in Sources */ = {isa = PBXBuildFile; fileRef = A33FC2C029ECE1C6005A6D7B /* NFCISO7816TagSession.swift */; };
/* End PBXBuildFile section */

/* Begin PBXFileReference section */
		A33F11C529ECD8AE002B5F33 /* NFCDemo.app */ = {isa = PBXFileReference; explicitFileType = wrapper.application; includeInIndex = 0; path = NFCDemo.app; sourceTree = BUILT_PRODUCTS_DIR; };
		A33F11C829ECD8AE002B5F33 /* NFCDemoApp.swift */ = {isa = PBXFileReference; lastKnownFileType = sourcecode.swift; path = NFCDemoApp.swift; sourceTree = "<group>"; };
		A33F11CA29ECD8AE002B5F33 /* ContentView.swift */ = {isa = PBXFileReference; lastKnownFileType = sourcecode.swift; path = ContentView.swift; sourceTree = "<group>"; };
		A33F11CC29ECD8AF002B5F33 /* Assets.xcassets */ = {isa = PBXFileReference; lastKnownFileType = folder.assetcatalog; path = Assets.xcassets; sourceTree = "<group>"; };
		A33F11CF29ECD8AF002B5F33 /* Preview Assets.xcassets */ = {isa = PBXFileReference; lastKnownFileType = folder.assetcatalog; path = "Preview Assets.xcassets"; sourceTree = "<group>"; };
		A33F11D629ECD91B002B5F33 /* NFCDemo.entitlements */ = {isa = PBXFileReference; lastKnownFileType = text.plist.entitlements; path = NFCDemo.entitlements; sourceTree = "<group>"; };
		A33F11D729ECD982002B5F33 /* Info.plist */ = {isa = PBXFileReference; lastKnownFileType = text.plist; path = Info.plist; sourceTree = "<group>"; };
		A33FC2BE29ECE0E2005A6D7B /* NFCISO7816Tag.swift */ = {isa = PBXFileReference; lastKnownFileType = sourcecode.swift; path = NFCISO7816Tag.swift; sourceTree = "<group>"; };
		A33FC2C029ECE1C6005A6D7B /* NFCISO7816TagSession.swift */ = {isa = PBXFileReference; lastKnownFileType = sourcecode.swift; path = NFCISO7816TagSession.swift; sourceTree = "<group>"; };
/* End PBXFileReference section */

/* Begin PBXFrameworksBuildPhase section */
		A33F11C229ECD8AE002B5F33 /* Frameworks */ = {
			isa = PBXFrameworksBuildPhase;
			buildActionMask = 2147483647;
			files = (
				A33FC2BD29ECE0B9005A6D7B /* CryptoSwift in Frameworks */,
			);
			runOnlyForDeploymentPostprocessing = 0;
		};
/* End PBXFrameworksBuildPhase section */

/* Begin PBXGroup section */
		A33F11BC29ECD8AE002B5F33 = {
			isa = PBXGroup;
			children = (
				A33F11C729ECD8AE002B5F33 /* NFCDemo */,
				A33F11C629ECD8AE002B5F33 /* Products */,
			);
			sourceTree = "<group>";
		};
		A33F11C629ECD8AE002B5F33 /* Products */ = {
			isa = PBXGroup;
			children = (
				A33F11C529ECD8AE002B5F33 /* NFCDemo.app */,
			);
			name = Products;
			sourceTree = "<group>";
		};
		A33F11C729ECD8AE002B5F33 /* NFCDemo */ = {
			isa = PBXGroup;
			children = (
				A33F11D729ECD982002B5F33 /* Info.plist */,
				A33F11D629ECD91B002B5F33 /* NFCDemo.entitlements */,
				A33F11C829ECD8AE002B5F33 /* NFCDemoApp.swift */,
				A33F11CA29ECD8AE002B5F33 /* ContentView.swift */,
				A33FC2BE29ECE0E2005A6D7B /* NFCISO7816Tag.swift */,
				A33FC2C029ECE1C6005A6D7B /* NFCISO7816TagSession.swift */,
				A33F11CC29ECD8AF002B5F33 /* Assets.xcassets */,
				A33F11CE29ECD8AF002B5F33 /* Preview Content */,
			);
			path = NFCDemo;
			sourceTree = "<group>";
		};
		A33F11CE29ECD8AF002B5F33 /* Preview Content */ = {
			isa = PBXGroup;
			children = (
				A33F11CF29ECD8AF002B5F33 /* Preview Assets.xcassets */,
			);
			path = "Preview Content";
			sourceTree = "<group>";
		};
/* End PBXGroup section */

/* Begin PBXNativeTarget section */
		A33F11C429ECD8AE002B5F33 /* NFCDemo */ = {
			isa = PBXNativeTarget;
			buildConfigurationList = A33F11D329ECD8AF002B5F33 /* Build configuration list for PBXNativeTarget "NFCDemo" */;
			buildPhases = (
				A33F11C129ECD8AE002B5F33 /* Sources */,
				A33F11C229ECD8AE002B5F33 /* Frameworks */,
				A33F11C329ECD8AE002B5F33 /* Resources */,
			);
			buildRules = (
			);
			dependencies = (
			);
			name = NFCDemo;
			packageProductDependencies = (
				A33FC2BC29ECE0B9005A6D7B /* CryptoSwift */,
			);
			productName = NFCDemo;
			productReference = A33F11C529ECD8AE002B5F33 /* NFCDemo.app */;
			productType = "com.apple.product-type.application";
		};
/* End PBXNativeTarget section */

/* Begin PBXProject section */
		A33F11BD29ECD8AE002B5F33 /* Project object */ = {
			isa = PBXProject;
			attributes = {
				BuildIndependentTargetsInParallel = 1;
				LastSwiftUpdateCheck = 1430;
				LastUpgradeCheck = 1430;
				TargetAttributes = {
					A33F11C429ECD8AE002B5F33 = {
						CreatedOnToolsVersion = 14.3;
					};
				};
			};
			buildConfigurationList = A33F11C029ECD8AE002B5F33 /* Build configuration list for PBXProject "NFCDemo" */;
			compatibilityVersion = "Xcode 14.0";
			developmentRegion = en;
			hasScannedForEncodings = 0;
			knownRegions = (
				en,
				Base,
			);
			mainGroup = A33F11BC29ECD8AE002B5F33;
			packageReferences = (
				A33FC2BB29ECE0B9005A6D7B /* XCRemoteSwiftPackageReference "CryptoSwift" */,
			);
			productRefGroup = A33F11C629ECD8AE002B5F33 /* Products */;
			projectDirPath = "";
			projectRoot = "";
			targets = (
				A33F11C429ECD8AE002B5F33 /* NFCDemo */,
			);
		};
/* End PBXProject section */

/* Begin PBXResourcesBuildPhase section */
		A33F11C329ECD8AE002B5F33 /* Resources */ = {
			isa = PBXResourcesBuildPhase;
			buildActionMask = 2147483647;
			files = (
				A33F11D029ECD8AF002B5F33 /* Preview Assets.xcassets in Resources */,
				A33F11CD29ECD8AF002B5F33 /* Assets.xcassets in Resources */,
			);
			runOnlyForDeploymentPostprocessing = 0;
		};
/* End PBXResourcesBuildPhase section */

/* Begin PBXSourcesBuildPhase section */
		A33F11C129ECD8AE002B5F33 /* Sources */ = {
			isa = PBXSourcesBuildPhase;
			buildActionMask = 2147483647;
			files = (
				A33F11CB29ECD8AE002B5F33 /* ContentView.swift in Sources */,
				A33FC2C129ECE1C6005A6D7B /* NFCISO7816TagSession.swift in Sources */,
				A33F11C929ECD8AE002B5F33 /* NFCDemoApp.swift in Sources */,
				A33FC2BF29ECE0E2005A6D7B /* NFCISO7816Tag.swift in Sources */,
			);
			runOnlyForDeploymentPostprocessing = 0;
		};
/* End PBXSourcesBuildPhase section */

/* Begin XCBuildConfiguration section */
		A33F11D129ECD8AF002B5F33 /* Debug */ = {
			isa = XCBuildConfiguration;
			buildSettings = {
				ALWAYS_SEARCH_USER_PATHS = NO;
				CLANG_ANALYZER_NONNULL = YES;
				CLANG_ANALYZER_NUMBER_OBJECT_CONVERSION = YES_AGGRESSIVE;
				CLANG_CXX_LANGUAGE_STANDARD = "gnu++20";
				CLANG_ENABLE_MODULES = YES;
				CLANG_ENABLE_OBJC_ARC = YES;
				CLANG_ENABLE_OBJC_WEAK = YES;
				CLANG_WARN_BLOCK_CAPTURE_AUTORELEASING = YES;
				CLANG_WARN_BOOL_CONVERSION = YES;
				CLANG_WARN_COMMA = YES;
				CLANG_WARN_CONSTANT_CONVERSION = YES;
				CLANG_WARN_DEPRECATED_OBJC_IMPLEMENTATIONS = YES;
				CLANG_WARN_DIRECT_OBJC_ISA_USAGE = YES_ERROR;
				CLANG_WARN_DOCUMENTATION_COMMENTS = YES;
				CLANG_WARN_EMPTY_BODY = YES;
				CLANG_WARN_ENUM_CONVERSION = YES;
				CLANG_WARN_INFINITE_RECURSION = YES;
				CLANG_WARN_INT_CONVERSION = YES;
				CLANG_WARN_NON_LITERAL_NULL_CONVERSION = YES;
				CLANG_WARN_OBJC_IMPLICIT_RETAIN_SELF = YES;
				CLANG_WARN_OBJC_LITERAL_CONVERSION = YES;
				CLANG_WARN_OBJC_ROOT_CLASS = YES_ERROR;
				CLANG_WARN_QUOTED_INCLUDE_IN_FRAMEWORK_HEADER = YES;
				CLANG_WARN_RANGE_LOOP_ANALYSIS = YES;
				CLANG_WARN_STRICT_PROTOTYPES = YES;
				CLANG_WARN_SUSPICIOUS_MOVE = YES;
				CLANG_WARN_UNGUARDED_AVAILABILITY = YES_AGGRESSIVE;
				CLANG_WARN_UNREACHABLE_CODE = YES;
				CLANG_WARN__DUPLICATE_METHOD_MATCH = YES;
				COPY_PHASE_STRIP = NO;
				DEBUG_INFORMATION_FORMAT = dwarf;
				ENABLE_STRICT_OBJC_MSGSEND = YES;
				ENABLE_TESTABILITY = YES;
				GCC_C_LANGUAGE_STANDARD = gnu11;
				GCC_DYNAMIC_NO_PIC = NO;
				GCC_NO_COMMON_BLOCKS = YES;
				GCC_OPTIMIZATION_LEVEL = 0;
				GCC_PREPROCESSOR_DEFINITIONS = (
					"DEBUG=1",
					"$(inherited)",
				);
				GCC_WARN_64_TO_32_BIT_CONVERSION = YES;
				GCC_WARN_ABOUT_RETURN_TYPE = YES_ERROR;
				GCC_WARN_UNDECLARED_SELECTOR = YES;
				GCC_WARN_UNINITIALIZED_AUTOS = YES_AGGRESSIVE;
				GCC_WARN_UNUSED_FUNCTION = YES;
				GCC_WARN_UNUSED_VARIABLE = YES;
				IPHONEOS_DEPLOYMENT_TARGET = 16.4;
				MTL_ENABLE_DEBUG_INFO = INCLUDE_SOURCE;
				MTL_FAST_MATH = YES;
				ONLY_ACTIVE_ARCH = YES;
				SDKROOT = iphoneos;
				SWIFT_ACTIVE_COMPILATION_CONDITIONS = DEBUG;
				SWIFT_OPTIMIZATION_LEVEL = "-Onone";
			};
			name = Debug;
		};
		A33F11D229ECD8AF002B5F33 /* Release */ = {
			isa = XCBuildConfiguration;
			buildSettings = {
				ALWAYS_SEARCH_USER_PATHS = NO;
				CLANG_ANALYZER_NONNULL = YES;
				CLANG_ANALYZER_NUMBER_OBJECT_CONVERSION = YES_AGGRESSIVE;
				CLANG_CXX_LANGUAGE_STANDARD = "gnu++20";
				CLANG_ENABLE_MODULES = YES;
				CLANG_ENABLE_OBJC_ARC = YES;
				CLANG_ENABLE_OBJC_WEAK = YES;
				CLANG_WARN_BLOCK_CAPTURE_AUTORELEASING = YES;
				CLANG_WARN_BOOL_CONVERSION = YES;
				CLANG_WARN_COMMA = YES;
				CLANG_WARN_CONSTANT_CONVERSION = YES;
				CLANG_WARN_DEPRECATED_OBJC_IMPLEMENTATIONS = YES;
				CLANG_WARN_DIRECT_OBJC_ISA_USAGE = YES_ERROR;
				CLANG_WARN_DOCUMENTATION_COMMENTS = YES;
				CLANG_WARN_EMPTY_BODY = YES;
				CLANG_WARN_ENUM_CONVERSION = YES;
				CLANG_WARN_INFINITE_RECURSION = YES;
				CLANG_WARN_INT_CONVERSION = YES;
				CLANG_WARN_NON_LITERAL_NULL_CONVERSION = YES;
				CLANG_WARN_OBJC_IMPLICIT_RETAIN_SELF = YES;
				CLANG_WARN_OBJC_LITERAL_CONVERSION = YES;
				CLANG_WARN_OBJC_ROOT_CLASS = YES_ERROR;
				CLANG_WARN_QUOTED_INCLUDE_IN_FRAMEWORK_HEADER = YES;
				CLANG_WARN_RANGE_LOOP_ANALYSIS = YES;
				CLANG_WARN_STRICT_PROTOTYPES = YES;
				CLANG_WARN_SUSPICIOUS_MOVE = YES;
				CLANG_WARN_UNGUARDED_AVAILABILITY = YES_AGGRESSIVE;
				CLANG_WARN_UNREACHABLE_CODE = YES;
				CLANG_WARN__DUPLICATE_METHOD_MATCH = YES;
				COPY_PHASE_STRIP = NO;
				DEBUG_INFORMATION_FORMAT = "dwarf-with-dsym";
				ENABLE_NS_ASSERTIONS = NO;
				ENABLE_STRICT_OBJC_MSGSEND = YES;
				GCC_C_LANGUAGE_STANDARD = gnu11;
				GCC_NO_COMMON_BLOCKS = YES;
				GCC_WARN_64_TO_32_BIT_CONVERSION = YES;
				GCC_WARN_ABOUT_RETURN_TYPE = YES_ERROR;
				GCC_WARN_UNDECLARED_SELECTOR = YES;
				GCC_WARN_UNINITIALIZED_AUTOS = YES_AGGRESSIVE;
				GCC_WARN_UNUSED_FUNCTION = YES;
				GCC_WARN_UNUSED_VARIABLE = YES;
				IPHONEOS_DEPLOYMENT_TARGET = 16.4;
				MTL_ENABLE_DEBUG_INFO = NO;
				MTL_FAST_MATH = YES;
				SDKROOT = iphoneos;
				SWIFT_COMPILATION_MODE = wholemodule;
				SWIFT_OPTIMIZATION_LEVEL = "-O";
				VALIDATE_PRODUCT = YES;
			};
			name = Release;
		};
		A33F11D429ECD8AF002B5F33 /* Debug */ = {
			isa = XCBuildConfiguration;
			buildSettings = {
				ASSETCATALOG_COMPILER_APPICON_NAME = AppIcon;
				ASSETCATALOG_COMPILER_GLOBAL_ACCENT_COLOR_NAME = AccentColor;
				CODE_SIGN_ENTITLEMENTS = NFCDemo/NFCDemo.entitlements;
				CODE_SIGN_STYLE = Automatic;
				CURRENT_PROJECT_VERSION = 1;
				DEVELOPMENT_ASSET_PATHS = "\"NFCDemo/Preview Content\"";
				DEVELOPMENT_TEAM = W3WX9TN82K;
				ENABLE_PREVIEWS = YES;
				GENERATE_INFOPLIST_FILE = YES;
				INFOPLIST_FILE = NFCDemo/Info.plist;
				INFOPLIST_KEY_NFCReaderUsageDescription = "应用需要您的同意，才能访问 NFC 进行社保卡信息的读写";
				INFOPLIST_KEY_UIApplicationSceneManifest_Generation = YES;
				INFOPLIST_KEY_UIApplicationSupportsIndirectInputEvents = YES;
				INFOPLIST_KEY_UILaunchScreen_Generation = YES;
				INFOPLIST_KEY_UISupportedInterfaceOrientations_iPad = "UIInterfaceOrientationPortrait UIInterfaceOrientationPortraitUpsideDown UIInterfaceOrientationLandscapeLeft UIInterfaceOrientationLandscapeRight";
				INFOPLIST_KEY_UISupportedInterfaceOrientations_iPhone = "UIInterfaceOrientationPortrait UIInterfaceOrientationLandscapeLeft UIInterfaceOrientationLandscapeRight";
				LD_RUNPATH_SEARCH_PATHS = (
					"$(inherited)",
					"@executable_path/Frameworks",
				);
				MARKETING_VERSION = 1.0;
				PRODUCT_BUNDLE_IDENTIFIER = com.wxb.NFCDemo;
				PRODUCT_NAME = "$(TARGET_NAME)";
				SWIFT_EMIT_LOC_STRINGS = YES;
				SWIFT_VERSION = 5.0;
				TARGETED_DEVICE_FAMILY = "1,2";
			};
			name = Debug;
		};
		A33F11D529ECD8AF002B5F33 /* Release */ = {
			isa = XCBuildConfiguration;
			buildSettings = {
				ASSETCATALOG_COMPILER_APPICON_NAME = AppIcon;
				ASSETCATALOG_COMPILER_GLOBAL_ACCENT_COLOR_NAME = AccentColor;
				CODE_SIGN_ENTITLEMENTS = NFCDemo/NFCDemo.entitlements;
				CODE_SIGN_STYLE = Automatic;
				CURRENT_PROJECT_VERSION = 1;
				DEVELOPMENT_ASSET_PATHS = "\"NFCDemo/Preview Content\"";
				DEVELOPMENT_TEAM = W3WX9TN82K;
				ENABLE_PREVIEWS = YES;
				GENERATE_INFOPLIST_FILE = YES;
				INFOPLIST_FILE = NFCDemo/Info.plist;
				INFOPLIST_KEY_NFCReaderUsageDescription = "应用需要您的同意，才能访问 NFC 进行社保卡信息的读写";
				INFOPLIST_KEY_UIApplicationSceneManifest_Generation = YES;
				INFOPLIST_KEY_UIApplicationSupportsIndirectInputEvents = YES;
				INFOPLIST_KEY_UILaunchScreen_Generation = YES;
				INFOPLIST_KEY_UISupportedInterfaceOrientations_iPad = "UIInterfaceOrientationPortrait UIInterfaceOrientationPortraitUpsideDown UIInterfaceOrientationLandscapeLeft UIInterfaceOrientationLandscapeRight";
				INFOPLIST_KEY_UISupportedInterfaceOrientations_iPhone = "UIInterfaceOrientationPortrait UIInterfaceOrientationLandscapeLeft UIInterfaceOrientationLandscapeRight";
				LD_RUNPATH_SEARCH_PATHS = (
					"$(inherited)",
					"@executable_path/Frameworks",
				);
				MARKETING_VERSION = 1.0;
				PRODUCT_BUNDLE_IDENTIFIER = com.wxb.NFCDemo;
				PRODUCT_NAME = "$(TARGET_NAME)";
				SWIFT_EMIT_LOC_STRINGS = YES;
				SWIFT_VERSION = 5.0;
				TARGETED_DEVICE_FAMILY = "1,2";
			};
			name = Release;
		};
/* End XCBuildConfiguration section */

/* Begin XCConfigurationList section */
		A33F11C029ECD8AE002B5F33 /* Build configuration list for PBXProject "NFCDemo" */ = {
			isa = XCConfigurationList;
			buildConfigurations = (
				A33F11D129ECD8AF002B5F33 /* Debug */,
				A33F11D229ECD8AF002B5F33 /* Release */,
			);
			defaultConfigurationIsVisible = 0;
			defaultConfigurationName = Release;
		};
		A33F11D329ECD8AF002B5F33 /* Build configuration list for PBXNativeTarget "NFCDemo" */ = {
			isa = XCConfigurationList;
			buildConfigurations = (
				A33F11D429ECD8AF002B5F33 /* Debug */,
				A33F11D529ECD8AF002B5F33 /* Release */,
			);
			defaultConfigurationIsVisible = 0;
			defaultConfigurationName = Release;
		};
/* End XCConfigurationList section */

/* Begin XCRemoteSwiftPackageReference section */
		A33FC2BB29ECE0B9005A6D7B /* XCRemoteSwiftPackageReference "CryptoSwift" */ = {
			isa = XCRemoteSwiftPackageReference;
			repositoryURL = "git@github.com:krzyzanowskim/CryptoSwift.git";
			requirement = {
				kind = exactVersion;
				version = 1.7.0;
			};
		};
/* End XCRemoteSwiftPackageReference section */

/* Begin XCSwiftPackageProductDependency section */
		A33FC2BC29ECE0B9005A6D7B /* CryptoSwift */ = {
			isa = XCSwiftPackageProductDependency;
			package = A33FC2BB29ECE0B9005A6D7B /* XCRemoteSwiftPackageReference "CryptoSwift" */;
			productName = CryptoSwift;
		};
/* End XCSwiftPackageProductDependency section */
	};
	rootObject = A33F11BD29ECD8AE002B5F33 /* Project object */;
}
